{
	"name": "tmp.ppagewyq4t",
	"version": "1.0.0",
	"lockfileVersion": 3,
	"requires": true,
	"packages": {
		"": {
			"name": "tmp.ppagewyq4t",
			"version": "1.0.0",
			"license": "ISC",
			"dependencies": {
				"my-local-package": "file:./local_package"
			}
		},
		"local_package": {
			"name": "my-local-package",
			"version": "1.0.0",
			"license": "ISC"
		},
		"node_modules/my-local-package": {
			"resolved": "local_package",
			"link": true
		}
	}
}
